PODS:
  - Contentful (4.1.0):
    - Contentful/ImageOptions (= 4.1.0)
  - Contentful/ImageOptions (4.1.0)
  - markymark (8.0.0)

DEPENDENCIES:
  - Contentful (~> 4)
  - markymark

SPEC REPOS:
  https://github.com/cocoapods/specs.git:
    - Contentful
    - markymark

SPEC CHECKSUMS:
  Contentful: a23336d4ba99667ed844e570af96ca51347df884
  markymark: 169ed4b8ce17cfa93ffb667884d2dd896f1a6d37

PODFILE CHECKSUM: f551c2821bbd145a42762beb0bd341db4465bb3b

COCOAPODS: 1.5.3
