// !$*UTF8*$!
{
	archiveVersion = 1;
	classes = {
	};
	objectVersion = 50;
	objects = {

/* Begin PBXBuildFile section */
		0048475521985FF900C6F55C /* HomeViewController.swift in Sources */ = {isa = PBXBuildFile; fileRef = 0048475421985FF800C6F55C /* HomeViewController.swift */; };
		8DC9B9FCC265A761CB094149 /* Pods_PDDemo.framework in Frameworks */ = {isa = PBXBuildFile; fileRef = 4AA8D54E7B39F6141CEC1290 /* Pods_PDDemo.framework */; };
		BE16C09C21BDD0A3009F68EF /* ArticleCheckListTableViewCell.swift in Sources */ = {isa = PBXBuildFile; fileRef = BE16C09B21BDD0A2009F68EF /* ArticleCheckListTableViewCell.swift */; };
		BE16C09E21BF1610009F68EF /* CheckListButton.swift in Sources */ = {isa = PBXBuildFile; fileRef = BE16C09D21BF1610009F68EF /* CheckListButton.swift */; };
		BE16C0A021C3999E009F68EF /* ArticleBase.swift in Sources */ = {isa = PBXBuildFile; fileRef = BE16C09F21C3999E009F68EF /* ArticleBase.swift */; };
		BE1CC757219B4EA5009D524A /* CollapsibleTableViewHeader.swift in Sources */ = {isa = PBXBuildFile; fileRef = BE1CC756219B4EA5009D524A /* CollapsibleTableViewHeader.swift */; };
		BE2157F421B48B7B00209109 /* ArticleImage.swift in Sources */ = {isa = PBXBuildFile; fileRef = BE2157F321B48B7A00209109 /* ArticleImage.swift */; };
		BE22628821A5DC230007B3EE /* HeaderViewController.swift in Sources */ = {isa = PBXBuildFile; fileRef = BE22628721A5DC230007B3EE /* HeaderViewController.swift */; };
		BE22628A21AD21C50007B3EE /* ArticleListViewController.swift in Sources */ = {isa = PBXBuildFile; fileRef = BE22628921AD21C50007B3EE /* ArticleListViewController.swift */; };
		BE3333982192461D0081FBBC /* AppDelegate.swift in Sources */ = {isa = PBXBuildFile; fileRef = BE3333972192461D0081FBBC /* AppDelegate.swift */; };
		BE33339C2192461D0081FBBC /* ArticleViewController.swift in Sources */ = {isa = PBXBuildFile; fileRef = BE33339B2192461D0081FBBC /* ArticleViewController.swift */; };
		BE33339F2192461D0081FBBC /* Main.storyboard in Resources */ = {isa = PBXBuildFile; fileRef = BE33339D2192461D0081FBBC /* Main.storyboard */; };
		BE3333A1219246260081FBBC /* Assets.xcassets in Resources */ = {isa = PBXBuildFile; fileRef = BE3333A0219246260081FBBC /* Assets.xcassets */; };
		BE3333A4219246260081FBBC /* LaunchScreen.storyboard in Resources */ = {isa = PBXBuildFile; fileRef = BE3333A2219246260081FBBC /* LaunchScreen.storyboard */; };
		BE3333B72194BB0D0081FBBC /* ArticleImageViewController.swift in Sources */ = {isa = PBXBuildFile; fileRef = BE3333AF2194BB0B0081FBBC /* ArticleImageViewController.swift */; };
		BE3333C02194BB420081FBBC /* ContentfulDataManager.swift in Sources */ = {isa = PBXBuildFile; fileRef = BE3333BF2194BB420081FBBC /* ContentfulDataManager.swift */; };
		BE3333C2219572610081FBBC /* Header.swift in Sources */ = {isa = PBXBuildFile; fileRef = BE3333C12195725E0081FBBC /* Header.swift */; };
		BE3333C52195FFC10081FBBC /* ArticleSingle.swift in Sources */ = {isa = PBXBuildFile; fileRef = BE3333C32195FFBF0081FBBC /* ArticleSingle.swift */; };
		BE3333C62195FFC10081FBBC /* ArticleList.swift in Sources */ = {isa = PBXBuildFile; fileRef = BE3333C42195FFC00081FBBC /* ArticleList.swift */; };
		BE532FB921A371960060E19C /* ArticleListSection.swift in Sources */ = {isa = PBXBuildFile; fileRef = BE532FB821A371960060E19C /* ArticleListSection.swift */; };
		BE532FBD21A3E9510060E19C /* StoryBoarded.swift in Sources */ = {isa = PBXBuildFile; fileRef = BE532FBA21A3E9500060E19C /* StoryBoarded.swift */; };
		BE532FBE21A3E9510060E19C /* Navigator.swift in Sources */ = {isa = PBXBuildFile; fileRef = BE532FBB21A3E9500060E19C /* Navigator.swift */; };
/* End PBXBuildFile section */

/* Begin PBXFileReference section */
		0048475421985FF800C6F55C /* HomeViewController.swift */ = {isa = PBXFileReference; lastKnownFileType = sourcecode.swift; path = HomeViewController.swift; sourceTree = "<group>"; };
		0D85ED0133FF44DBAF8E1A49 /* Pods-PDDemo.debug.xcconfig */ = {isa = PBXFileReference; includeInIndex = 1; lastKnownFileType = text.xcconfig; name = "Pods-PDDemo.debug.xcconfig"; path = "Pods/Target Support Files/Pods-PDDemo/Pods-PDDemo.debug.xcconfig"; sourceTree = "<group>"; };
		4AA8D54E7B39F6141CEC1290 /* Pods_PDDemo.framework */ = {isa = PBXFileReference; explicitFileType = wrapper.framework; includeInIndex = 0; path = Pods_PDDemo.framework; sourceTree = BUILT_PRODUCTS_DIR; };
		5B4FEBFCC322CE8C5E2C57DF /* Pods-PDDemo.release.xcconfig */ = {isa = PBXFileReference; includeInIndex = 1; lastKnownFileType = text.xcconfig; name = "Pods-PDDemo.release.xcconfig"; path = "Pods/Target Support Files/Pods-PDDemo/Pods-PDDemo.release.xcconfig"; sourceTree = "<group>"; };
		BE16C09B21BDD0A2009F68EF /* ArticleCheckListTableViewCell.swift */ = {isa = PBXFileReference; lastKnownFileType = sourcecode.swift; path = ArticleCheckListTableViewCell.swift; sourceTree = "<group>"; };
		BE16C09D21BF1610009F68EF /* CheckListButton.swift */ = {isa = PBXFileReference; lastKnownFileType = sourcecode.swift; path = CheckListButton.swift; sourceTree = "<group>"; };
		BE16C09F21C3999E009F68EF /* ArticleBase.swift */ = {isa = PBXFileReference; lastKnownFileType = sourcecode.swift; path = ArticleBase.swift; sourceTree = "<group>"; };
		BE1CC756219B4EA5009D524A /* CollapsibleTableViewHeader.swift */ = {isa = PBXFileReference; lastKnownFileType = sourcecode.swift; path = CollapsibleTableViewHeader.swift; sourceTree = "<group>"; };
		BE2157F321B48B7A00209109 /* ArticleImage.swift */ = {isa = PBXFileReference; fileEncoding = 4; lastKnownFileType = sourcecode.swift; path = ArticleImage.swift; sourceTree = "<group>"; };
		BE22628721A5DC230007B3EE /* HeaderViewController.swift */ = {isa = PBXFileReference; lastKnownFileType = sourcecode.swift; path = HeaderViewController.swift; sourceTree = "<group>"; };
		BE22628921AD21C50007B3EE /* ArticleListViewController.swift */ = {isa = PBXFileReference; lastKnownFileType = sourcecode.swift; path = ArticleListViewController.swift; sourceTree = "<group>"; };
		BE3333942192461C0081FBBC /* PDDemo.app */ = {isa = PBXFileReference; explicitFileType = wrapper.application; includeInIndex = 0; path = PDDemo.app; sourceTree = BUILT_PRODUCTS_DIR; };
		BE3333972192461D0081FBBC /* AppDelegate.swift */ = {isa = PBXFileReference; lastKnownFileType = sourcecode.swift; path = AppDelegate.swift; sourceTree = "<group>"; };
		BE33339B2192461D0081FBBC /* ArticleViewController.swift */ = {isa = PBXFileReference; lastKnownFileType = sourcecode.swift; path = ArticleViewController.swift; sourceTree = "<group>"; };
		BE33339E2192461D0081FBBC /* Base */ = {isa = PBXFileReference; lastKnownFileType = file.storyboard; name = Base; path = Base.lproj/Main.storyboard; sourceTree = "<group>"; };
		BE3333A0219246260081FBBC /* Assets.xcassets */ = {isa = PBXFileReference; lastKnownFileType = folder.assetcatalog; path = Assets.xcassets; sourceTree = "<group>"; };
		BE3333A3219246260081FBBC /* Base */ = {isa = PBXFileReference; lastKnownFileType = file.storyboard; name = Base; path = Base.lproj/LaunchScreen.storyboard; sourceTree = "<group>"; };
		BE3333A5219246260081FBBC /* Info.plist */ = {isa = PBXFileReference; lastKnownFileType = text.plist.xml; path = Info.plist; sourceTree = "<group>"; };
		BE3333AF2194BB0B0081FBBC /* ArticleImageViewController.swift */ = {isa = PBXFileReference; fileEncoding = 4; lastKnownFileType = sourcecode.swift; path = ArticleImageViewController.swift; sourceTree = "<group>"; };
		BE3333BF2194BB420081FBBC /* ContentfulDataManager.swift */ = {isa = PBXFileReference; fileEncoding = 4; lastKnownFileType = sourcecode.swift; path = ContentfulDataManager.swift; sourceTree = "<group>"; };
		BE3333C12195725E0081FBBC /* Header.swift */ = {isa = PBXFileReference; fileEncoding = 4; lastKnownFileType = sourcecode.swift; path = Header.swift; sourceTree = "<group>"; };
		BE3333C32195FFBF0081FBBC /* ArticleSingle.swift */ = {isa = PBXFileReference; fileEncoding = 4; lastKnownFileType = sourcecode.swift; path = ArticleSingle.swift; sourceTree = "<group>"; };
		BE3333C42195FFC00081FBBC /* ArticleList.swift */ = {isa = PBXFileReference; fileEncoding = 4; lastKnownFileType = sourcecode.swift; path = ArticleList.swift; sourceTree = "<group>"; };
		BE532FB721A342C40060E19C /* README.md */ = {isa = PBXFileReference; lastKnownFileType = net.daringfireball.markdown; path = README.md; sourceTree = "<group>"; };
		BE532FB821A371960060E19C /* ArticleListSection.swift */ = {isa = PBXFileReference; lastKnownFileType = sourcecode.swift; path = ArticleListSection.swift; sourceTree = "<group>"; };
		BE532FBA21A3E9500060E19C /* StoryBoarded.swift */ = {isa = PBXFileReference; fileEncoding = 4; lastKnownFileType = sourcecode.swift; path = StoryBoarded.swift; sourceTree = "<group>"; };
		BE532FBB21A3E9500060E19C /* Navigator.swift */ = {isa = PBXFileReference; fileEncoding = 4; lastKnownFileType = sourcecode.swift; path = Navigator.swift; sourceTree = "<group>"; };
/* End PBXFileReference section */

/* Begin PBXFrameworksBuildPhase section */
		BE3333912192461C0081FBBC /* Frameworks */ = {
			isa = PBXFrameworksBuildPhase;
			buildActionMask = 2147483647;
			files = (
				8DC9B9FCC265A761CB094149 /* Pods_PDDemo.framework in Frameworks */,
			);
			runOnlyForDeploymentPostprocessing = 0;
		};
/* End PBXFrameworksBuildPhase section */

/* Begin PBXGroup section */
		4ADA61E2C9CF738F77D9AB61 /* Frameworks */ = {
			isa = PBXGroup;
			children = (
				4AA8D54E7B39F6141CEC1290 /* Pods_PDDemo.framework */,
			);
			name = Frameworks;
			sourceTree = "<group>";
		};
		BE33338B2192461C0081FBBC = {
			isa = PBXGroup;
			children = (
				BE3333962192461D0081FBBC /* PDDemo */,
				BE3333952192461C0081FBBC /* Products */,
				F5D2C1E1D1861AD8A0B554C0 /* Pods */,
				4ADA61E2C9CF738F77D9AB61 /* Frameworks */,
			);
			sourceTree = "<group>";
		};
		BE3333952192461C0081FBBC /* Products */ = {
			isa = PBXGroup;
			children = (
				BE3333942192461C0081FBBC /* PDDemo.app */,
			);
			name = Products;
			sourceTree = "<group>";
		};
		BE3333962192461D0081FBBC /* PDDemo */ = {
			isa = PBXGroup;
			children = (
				BE3333A0219246260081FBBC /* Assets.xcassets */,
				BE3333972192461D0081FBBC /* AppDelegate.swift */,
				BE2157F321B48B7A00209109 /* ArticleImage.swift */,
				BE3333C42195FFC00081FBBC /* ArticleList.swift */,
				BE3333C32195FFBF0081FBBC /* ArticleSingle.swift */,
				BE16C09F21C3999E009F68EF /* ArticleBase.swift */,
				BE532FB821A371960060E19C /* ArticleListSection.swift */,
				BE33339B2192461D0081FBBC /* ArticleViewController.swift */,
				BE3333AF2194BB0B0081FBBC /* ArticleImageViewController.swift */,
				BE22628921AD21C50007B3EE /* ArticleListViewController.swift */,
				BE1CC756219B4EA5009D524A /* CollapsibleTableViewHeader.swift */,
				BE3333BF2194BB420081FBBC /* ContentfulDataManager.swift */,
				BE3333C12195725E0081FBBC /* Header.swift */,
				BE22628721A5DC230007B3EE /* HeaderViewController.swift */,
				0048475421985FF800C6F55C /* HomeViewController.swift */,
				BE33339D2192461D0081FBBC /* Main.storyboard */,
				BE16C09B21BDD0A2009F68EF /* ArticleCheckListTableViewCell.swift */,
				BE16C09D21BF1610009F68EF /* CheckListButton.swift */,
				BE532FBB21A3E9500060E19C /* Navigator.swift */,
				BE532FBA21A3E9500060E19C /* StoryBoarded.swift */,
				BE3333A2219246260081FBBC /* LaunchScreen.storyboard */,
				BE3333A5219246260081FBBC /* Info.plist */,
				BE532FB721A342C40060E19C /* README.md */,
			);
			path = PDDemo;
			sourceTree = "<group>";
		};
		F5D2C1E1D1861AD8A0B554C0 /* Pods */ = {
			isa = PBXGroup;
			children = (
				0D85ED0133FF44DBAF8E1A49 /* Pods-PDDemo.debug.xcconfig */,
				5B4FEBFCC322CE8C5E2C57DF /* Pods-PDDemo.release.xcconfig */,
			);
			name = Pods;
			sourceTree = "<group>";
		};
/* End PBXGroup section */

/* Begin PBXNativeTarget section */
		BE3333932192461C0081FBBC /* PDDemo */ = {
			isa = PBXNativeTarget;
			buildConfigurationList = BE3333A8219246260081FBBC /* Build configuration list for PBXNativeTarget "PDDemo" */;
			buildPhases = (
				C2D05ED57FB07D9AB0A78267 /* [CP] Check Pods Manifest.lock */,
				BE3333902192461C0081FBBC /* Sources */,
				BE3333912192461C0081FBBC /* Frameworks */,
				BE3333922192461C0081FBBC /* Resources */,
				35A4640ADF37E6A8CE5CCF3E /* [CP] Embed Pods Frameworks */,
			);
			buildRules = (
			);
			dependencies = (
			);
			name = PDDemo;
			productName = PDDemo;
			productReference = BE3333942192461C0081FBBC /* PDDemo.app */;
			productType = "com.apple.product-type.application";
		};
/* End PBXNativeTarget section */

/* Begin PBXProject section */
		BE33338C2192461C0081FBBC /* Project object */ = {
			isa = PBXProject;
			attributes = {
				LastSwiftUpdateCheck = 1000;
				LastUpgradeCheck = 1000;
				ORGANIZATIONNAME = pddemo;
				TargetAttributes = {
					BE3333932192461C0081FBBC = {
						CreatedOnToolsVersion = 10.0;
					};
				};
			};
			buildConfigurationList = BE33338F2192461C0081FBBC /* Build configuration list for PBXProject "PDDemo" */;
			compatibilityVersion = "Xcode 9.3";
			developmentRegion = en;
			hasScannedForEncodings = 0;
			knownRegions = (
				en,
				Base,
			);
			mainGroup = BE33338B2192461C0081FBBC;
			productRefGroup = BE3333952192461C0081FBBC /* Products */;
			projectDirPath = "";
			projectRoot = "";
			targets = (
				BE3333932192461C0081FBBC /* PDDemo */,
			);
		};
/* End PBXProject section */

/* Begin PBXResourcesBuildPhase section */
		BE3333922192461C0081FBBC /* Resources */ = {
			isa = PBXResourcesBuildPhase;
			buildActionMask = 2147483647;
			files = (
				BE3333A4219246260081FBBC /* LaunchScreen.storyboard in Resources */,
				BE3333A1219246260081FBBC /* Assets.xcassets in Resources */,
				BE33339F2192461D0081FBBC /* Main.storyboard in Resources */,
			);
			runOnlyForDeploymentPostprocessing = 0;
		};
/* End PBXResourcesBuildPhase section */

/* Begin PBXShellScriptBuildPhase section */
		35A4640ADF37E6A8CE5CCF3E /* [CP] Embed Pods Frameworks */ = {
			isa = PBXShellScriptBuildPhase;
			buildActionMask = 2147483647;
			files = (
			);
			inputFileListPaths = (
			);
			inputPaths = (
				"${SRCROOT}/Pods/Target Support Files/Pods-PDDemo/Pods-PDDemo-frameworks.sh",
				"${BUILT_PRODUCTS_DIR}/Contentful/Contentful.framework",
				"${BUILT_PRODUCTS_DIR}/markymark/markymark.framework",
			);
			name = "[CP] Embed Pods Frameworks";
			outputFileListPaths = (
			);
			outputPaths = (
				"${TARGET_BUILD_DIR}/${FRAMEWORKS_FOLDER_PATH}/Contentful.framework",
				"${TARGET_BUILD_DIR}/${FRAMEWORKS_FOLDER_PATH}/markymark.framework",
			);
			runOnlyForDeploymentPostprocessing = 0;
			shellPath = /bin/sh;
			shellScript = "\"${SRCROOT}/Pods/Target Support Files/Pods-PDDemo/Pods-PDDemo-frameworks.sh\"\n";
			showEnvVarsInLog = 0;
		};
		C2D05ED57FB07D9AB0A78267 /* [CP] Check Pods Manifest.lock */ = {
			isa = PBXShellScriptBuildPhase;
			buildActionMask = 2147483647;
			files = (
			);
			inputFileListPaths = (
			);
			inputPaths = (
				"${PODS_PODFILE_DIR_PATH}/Podfile.lock",
				"${PODS_ROOT}/Manifest.lock",
			);
			name = "[CP] Check Pods Manifest.lock";
			outputFileListPaths = (
			);
			outputPaths = (
				"$(DERIVED_FILE_DIR)/Pods-PDDemo-checkManifestLockResult.txt",
			);
			runOnlyForDeploymentPostprocessing = 0;
			shellPath = /bin/sh;
			shellScript = "diff \"${PODS_PODFILE_DIR_PATH}/Podfile.lock\" \"${PODS_ROOT}/Manifest.lock\" > /dev/null\nif [ $? != 0 ] ; then\n    # print error to STDERR\n    echo \"error: The sandbox is not in sync with the Podfile.lock. Run 'pod install' or update your CocoaPods installation.\" >&2\n    exit 1\nfi\n# This output is used by Xcode 'outputs' to avoid re-running this script phase.\necho \"SUCCESS\" > \"${SCRIPT_OUTPUT_FILE_0}\"\n";
			showEnvVarsInLog = 0;
		};
/* End PBXShellScriptBuildPhase section */

/* Begin PBXSourcesBuildPhase section */
		BE3333902192461C0081FBBC /* Sources */ = {
			isa = PBXSourcesBuildPhase;
			buildActionMask = 2147483647;
			files = (
				BE3333C52195FFC10081FBBC /* ArticleSingle.swift in Sources */,
				BE16C0A021C3999E009F68EF /* ArticleBase.swift in Sources */,
				BE33339C2192461D0081FBBC /* ArticleViewController.swift in Sources */,
				BE3333C62195FFC10081FBBC /* ArticleList.swift in Sources */,
				BE3333C2219572610081FBBC /* Header.swift in Sources */,
				BE3333C02194BB420081FBBC /* ContentfulDataManager.swift in Sources */,
				BE22628A21AD21C50007B3EE /* ArticleListViewController.swift in Sources */,
				BE532FB921A371960060E19C /* ArticleListSection.swift in Sources */,
				BE16C09E21BF1610009F68EF /* CheckListButton.swift in Sources */,
				BE22628821A5DC230007B3EE /* HeaderViewController.swift in Sources */,
				0048475521985FF900C6F55C /* HomeViewController.swift in Sources */,
				BE1CC757219B4EA5009D524A /* CollapsibleTableViewHeader.swift in Sources */,
				BE3333B72194BB0D0081FBBC /* ArticleImageViewController.swift in Sources */,
				BE532FBE21A3E9510060E19C /* Navigator.swift in Sources */,
				BE2157F421B48B7B00209109 /* ArticleImage.swift in Sources */,
				BE3333982192461D0081FBBC /* AppDelegate.swift in Sources */,
				BE532FBD21A3E9510060E19C /* StoryBoarded.swift in Sources */,
				BE16C09C21BDD0A3009F68EF /* ArticleCheckListTableViewCell.swift in Sources */,
			);
			runOnlyForDeploymentPostprocessing = 0;
		};
/* End PBXSourcesBuildPhase section */

/* Begin PBXVariantGroup section */
		BE33339D2192461D0081FBBC /* Main.storyboard */ = {
			isa = PBXVariantGroup;
			children = (
				BE33339E2192461D0081FBBC /* Base */,
			);
			name = Main.storyboard;
			sourceTree = "<group>";
		};
		BE3333A2219246260081FBBC /* LaunchScreen.storyboard */ = {
			isa = PBXVariantGroup;
			children = (
				BE3333A3219246260081FBBC /* Base */,
			);
			name = LaunchScreen.storyboard;
			sourceTree = "<group>";
		};
/* End PBXVariantGroup section */

/* Begin XCBuildConfiguration section */
		BE3333A6219246260081FBBC /* Debug */ = {
			isa = XCBuildConfiguration;
			buildSettings = {
				ALWAYS_SEARCH_USER_PATHS = NO;
				CLANG_ANALYZER_NONNULL = YES;
				CLANG_ANALYZER_NUMBER_OBJECT_CONVERSION = YES_AGGRESSIVE;
				CLANG_CXX_LANGUAGE_STANDARD = "gnu++14";
				CLANG_CXX_LIBRARY = "libc++";
				CLANG_ENABLE_MODULES = YES;
				CLANG_ENABLE_OBJC_ARC = YES;
				CLANG_ENABLE_OBJC_WEAK = YES;
				CLANG_WARN_BLOCK_CAPTURE_AUTORELEASING = YES;
				CLANG_WARN_BOOL_CONVERSION = YES;
				CLANG_WARN_COMMA = YES;
				CLANG_WARN_CONSTANT_CONVERSION = YES;
				CLANG_WARN_DEPRECATED_OBJC_IMPLEMENTATIONS = YES;
				CLANG_WARN_DIRECT_OBJC_ISA_USAGE = YES_ERROR;
				CLANG_WARN_DOCUMENTATION_COMMENTS = YES;
				CLANG_WARN_EMPTY_BODY = YES;
				CLANG_WARN_ENUM_CONVERSION = YES;
				CLANG_WARN_INFINITE_RECURSION = YES;
				CLANG_WARN_INT_CONVERSION = YES;
				CLANG_WARN_NON_LITERAL_NULL_CONVERSION = YES;
				CLANG_WARN_OBJC_IMPLICIT_RETAIN_SELF = YES;
				CLANG_WARN_OBJC_LITERAL_CONVERSION = YES;
				CLANG_WARN_OBJC_ROOT_CLASS = YES_ERROR;
				CLANG_WARN_RANGE_LOOP_ANALYSIS = YES;
				CLANG_WARN_STRICT_PROTOTYPES = YES;
				CLANG_WARN_SUSPICIOUS_MOVE = YES;
				CLANG_WARN_UNGUARDED_AVAILABILITY = YES_AGGRESSIVE;
				CLANG_WARN_UNREACHABLE_CODE = YES;
				CLANG_WARN__DUPLICATE_METHOD_MATCH = YES;
				CODE_SIGN_IDENTITY = "iPhone Developer";
				COPY_PHASE_STRIP = NO;
				DEBUG_INFORMATION_FORMAT = dwarf;
				ENABLE_STRICT_OBJC_MSGSEND = YES;
				ENABLE_TESTABILITY = YES;
				GCC_C_LANGUAGE_STANDARD = gnu11;
				GCC_DYNAMIC_NO_PIC = NO;
				GCC_NO_COMMON_BLOCKS = YES;
				GCC_OPTIMIZATION_LEVEL = 0;
				GCC_PREPROCESSOR_DEFINITIONS = (
					"DEBUG=1",
					"$(inherited)",
				);
				GCC_WARN_64_TO_32_BIT_CONVERSION = YES;
				GCC_WARN_ABOUT_RETURN_TYPE = YES_ERROR;
				GCC_WARN_UNDECLARED_SELECTOR = YES;
				GCC_WARN_UNINITIALIZED_AUTOS = YES_AGGRESSIVE;
				GCC_WARN_UNUSED_FUNCTION = YES;
				GCC_WARN_UNUSED_VARIABLE = YES;
				IPHONEOS_DEPLOYMENT_TARGET = 12.0;
				MTL_ENABLE_DEBUG_INFO = INCLUDE_SOURCE;
				MTL_FAST_MATH = YES;
				ONLY_ACTIVE_ARCH = YES;
				SDKROOT = iphoneos;
				SWIFT_ACTIVE_COMPILATION_CONDITIONS = DEBUG;
				SWIFT_OPTIMIZATION_LEVEL = "-Onone";
			};
			name = Debug;
		};
		BE3333A7219246260081FBBC /* Release */ = {
			isa = XCBuildConfiguration;
			buildSettings = {
				ALWAYS_SEARCH_USER_PATHS = NO;
				CLANG_ANALYZER_NONNULL = YES;
				CLANG_ANALYZER_NUMBER_OBJECT_CONVERSION = YES_AGGRESSIVE;
				CLANG_CXX_LANGUAGE_STANDARD = "gnu++14";
				CLANG_CXX_LIBRARY = "libc++";
				CLANG_ENABLE_MODULES = YES;
				CLANG_ENABLE_OBJC_ARC = YES;
				CLANG_ENABLE_OBJC_WEAK = YES;
				CLANG_WARN_BLOCK_CAPTURE_AUTORELEASING = YES;
				CLANG_WARN_BOOL_CONVERSION = YES;
				CLANG_WARN_COMMA = YES;
				CLANG_WARN_CONSTANT_CONVERSION = YES;
				CLANG_WARN_DEPRECATED_OBJC_IMPLEMENTATIONS = YES;
				CLANG_WARN_DIRECT_OBJC_ISA_USAGE = YES_ERROR;
				CLANG_WARN_DOCUMENTATION_COMMENTS = YES;
				CLANG_WARN_EMPTY_BODY = YES;
				CLANG_WARN_ENUM_CONVERSION = YES;
				CLANG_WARN_INFINITE_RECURSION = YES;
				CLANG_WARN_INT_CONVERSION = YES;
				CLANG_WARN_NON_LITERAL_NULL_CONVERSION = YES;
				CLANG_WARN_OBJC_IMPLICIT_RETAIN_SELF = YES;
				CLANG_WARN_OBJC_LITERAL_CONVERSION = YES;
				CLANG_WARN_OBJC_ROOT_CLASS = YES_ERROR;
				CLANG_WARN_RANGE_LOOP_ANALYSIS = YES;
				CLANG_WARN_STRICT_PROTOTYPES = YES;
				CLANG_WARN_SUSPICIOUS_MOVE = YES;
				CLANG_WARN_UNGUARDED_AVAILABILITY = YES_AGGRESSIVE;
				CLANG_WARN_UNREACHABLE_CODE = YES;
				CLANG_WARN__DUPLICATE_METHOD_MATCH = YES;
				CODE_SIGN_IDENTITY = "iPhone Developer";
				COPY_PHASE_STRIP = NO;
				DEBUG_INFORMATION_FORMAT = "dwarf-with-dsym";
				ENABLE_NS_ASSERTIONS = NO;
				ENABLE_STRICT_OBJC_MSGSEND = YES;
				GCC_C_LANGUAGE_STANDARD = gnu11;
				GCC_NO_COMMON_BLOCKS = YES;
				GCC_WARN_64_TO_32_BIT_CONVERSION = YES;
				GCC_WARN_ABOUT_RETURN_TYPE = YES_ERROR;
				GCC_WARN_UNDECLARED_SELECTOR = YES;
				GCC_WARN_UNINITIALIZED_AUTOS = YES_AGGRESSIVE;
				GCC_WARN_UNUSED_FUNCTION = YES;
				GCC_WARN_UNUSED_VARIABLE = YES;
				IPHONEOS_DEPLOYMENT_TARGET = 12.0;
				MTL_ENABLE_DEBUG_INFO = NO;
				MTL_FAST_MATH = YES;
				SDKROOT = iphoneos;
				SWIFT_COMPILATION_MODE = wholemodule;
				SWIFT_OPTIMIZATION_LEVEL = "-O";
				VALIDATE_PRODUCT = YES;
			};
			name = Release;
		};
		BE3333A9219246260081FBBC /* Debug */ = {
			isa = XCBuildConfiguration;
			baseConfigurationReference = 0D85ED0133FF44DBAF8E1A49 /* Pods-PDDemo.debug.xcconfig */;
			buildSettings = {
				ASSETCATALOG_COMPILER_APPICON_NAME = AppIcon;
				CODE_SIGN_STYLE = Automatic;
				DEVELOPMENT_TEAM = LUYCFUH4F2;
				INFOPLIST_FILE = PDDemo/Info.plist;
				LD_RUNPATH_SEARCH_PATHS = (
					"$(inherited)",
					"@executable_path/Frameworks",
				);
				PRODUCT_BUNDLE_IDENTIFIER = None.PDDemo;
				PRODUCT_NAME = "$(TARGET_NAME)";
				SWIFT_VERSION = 4.2;
				TARGETED_DEVICE_FAMILY = "1,2";
			};
			name = Debug;
		};
		BE3333AA219246260081FBBC /* Release */ = {
			isa = XCBuildConfiguration;
			baseConfigurationReference = 5B4FEBFCC322CE8C5E2C57DF /* Pods-PDDemo.release.xcconfig */;
			buildSettings = {
				ASSETCATALOG_COMPILER_APPICON_NAME = AppIcon;
				CODE_SIGN_STYLE = Automatic;
				DEVELOPMENT_TEAM = LUYCFUH4F2;
				INFOPLIST_FILE = PDDemo/Info.plist;
				LD_RUNPATH_SEARCH_PATHS = (
					"$(inherited)",
					"@executable_path/Frameworks",
				);
				PRODUCT_BUNDLE_IDENTIFIER = None.PDDemo;
				PRODUCT_NAME = "$(TARGET_NAME)";
				SWIFT_VERSION = 4.2;
				TARGETED_DEVICE_FAMILY = "1,2";
			};
			name = Release;
		};
/* End XCBuildConfiguration section */

/* Begin XCConfigurationList section */
		BE33338F2192461C0081FBBC /* Build configuration list for PBXProject "PDDemo" */ = {
			isa = XCConfigurationList;
			buildConfigurations = (
				BE3333A6219246260081FBBC /* Debug */,
				BE3333A7219246260081FBBC /* Release */,
			);
			defaultConfigurationIsVisible = 0;
			defaultConfigurationName = Release;
		};
		BE3333A8219246260081FBBC /* Build configuration list for PBXNativeTarget "PDDemo" */ = {
			isa = XCConfigurationList;
			buildConfigurations = (
				BE3333A9219246260081FBBC /* Debug */,
				BE3333AA219246260081FBBC /* Release */,
			);
			defaultConfigurationIsVisible = 0;
			defaultConfigurationName = Release;
		};
/* End XCConfigurationList section */
	};
	rootObject = BE33338C2192461C0081FBBC /* Project object */;
}
